
Microsoft Visual Studio Solution File, Format Version 12.00
# Visual Studio 2012
Project("{FAE04EC0-301F-11D3-BF4B-00C04F79EFBC}") = "Manology", "Manology\Manology.csproj", "{08AE941D-C189-47FF-9AB1-D84A9FFC347B}"
EndProject
Global
	GlobalSection(SolutionConfigurationPlatforms) = preSolution
		Debug|Any CPU = Debug|Any CPU
		Release|Any CPU = Release|Any CPU
	EndGlobalSection
	GlobalSection(ProjectConfigurationPlatforms) = postSolution
		{08AE941D-C189-47FF-9AB1-D84A9FFC347B}.Debug|Any CPU.ActiveCfg = Debug|Any CPU
		{08AE941D-C189-47FF-9AB1-D84A9FFC347B}.Debug|Any CPU.Build.0 = Debug|Any CPU
		{08AE941D-C189-47FF-9AB1-D84A9FFC347B}.Release|Any CPU.ActiveCfg = Release|Any CPU
		{08AE941D-C189-47FF-9AB1-D84A9FFC347B}.Release|Any CPU.Build.0 = Release|Any CPU
	EndGlobalSection
	GlobalSection(SolutionProperties) = preSolution
		HideSolutionNode = FALSE
	EndGlobalSection
EndGlobal
